Microsoft Visual Studio Solution File, Format Version 12.00
# Visual Studio 2013
VisualStudioVersion = 12.0.40629.0
MinimumVisualStudioVersion = 10.0.40219.1
Project("{FAE04EC0-301F-11D3-BF4B-00C04F79EFBC}") = "SWGCSTool", "SWGCSTool.csproj", "{C2CB2932-B1D7-47EC-AAB0-0C3DE624A2DE}"
EndProject
Global
	GlobalSection(SolutionConfigurationPlatforms) = preSolution
		Debug|Any CPU = Debug|Any CPU
		Release|Any CPU = Release|Any CPU
	EndGlobalSection
	GlobalSection(ProjectConfigurationPlatforms) = postSolution
		{C2CB2932-B1D7-47EC-AAB0-0C3DE624A2DE}.Debug|Any CPU.ActiveCfg = Debug|Any CPU
		{C2CB2932-B1D7-47EC-AAB0-0C3DE624A2DE}.Debug|Any CPU.Build.0 = Debug|Any CPU
		{C2CB2932-B1D7-47EC-AAB0-0C3DE624A2DE}.Release|Any CPU.ActiveCfg = Release|Any CPU
		{C2CB2932-B1D7-47EC-AAB0-0C3DE624A2DE}.Release|Any CPU.Build.0 = Release|Any CPU
	EndGlobalSection
	GlobalSection(SolutionProperties) = preSolution
		HideSolutionNode = FALSE
	EndGlobalSection
EndGlobal
